
Microsoft Visual Studio Solution File, Format Version 12.00
# Visual Studio Version 17
VisualStudioVersion = 17.4.33213.308
MinimumVisualStudioVersion = 10.0.40219.1
Project("{FAE04EC0-301F-11D3-BF4B-00C04F79EFBC}") = "ConsoleApp1", "ConsoleApp1.csproj", "{05E5DCF9-35B8-482D-900E-A9956E7E93EF}"
EndProject
Global
	GlobalSection(SolutionConfigurationPlatforms) = preSolution
		Debug|Any CPU = Debug|Any CPU
		Release|Any CPU = Release|Any CPU
	EndGlobalSection
	GlobalSection(ProjectConfigurationPlatforms) = postSolution
		{05E5DCF9-35B8-482D-900E-A9956E7E93EF}.Debug|Any CPU.ActiveCfg = Debug|Any CPU
		{05E5DCF9-35B8-482D-900E-A9956E7E93EF}.Debug|Any CPU.Build.0 = Debug|Any CPU
		{05E5DCF9-35B8-482D-900E-A9956E7E93EF}.Release|Any CPU.ActiveCfg = Release|Any CPU
		{05E5DCF9-35B8-482D-900E-A9956E7E93EF}.Release|Any CPU.Build.0 = Release|Any CPU
	EndGlobalSection
	GlobalSection(SolutionProperties) = preSolution
		HideSolutionNode = FALSE
	EndGlobalSection
	GlobalSection(ExtensibilityGlobals) = postSolution
		SolutionGuid = {C51CA171-B4C2-456D-8B89-E7949A996E43}
	EndGlobalSection
EndGlobal
