
Microsoft Visual Studio Solution File, Format Version 12.00
# Visual Studio Version 17
VisualStudioVersion = 17.4.33213.308
MinimumVisualStudioVersion = 10.0.40219.1
Project("{FAE04EC0-301F-11D3-BF4B-00C04F79EFBC}") = "CityHotelsApp", "CityHotelsApp.csproj", "{D635272C-6E71-4F9C-B6F5-5EBB2033AA7E}"
EndProject
Global
	GlobalSection(SolutionConfigurationPlatforms) = preSolution
		Debug|Any CPU = Debug|Any CPU
		Release|Any CPU = Release|Any CPU
	EndGlobalSection
	GlobalSection(ProjectConfigurationPlatforms) = postSolution
		{D635272C-6E71-4F9C-B6F5-5EBB2033AA7E}.Debug|Any CPU.ActiveCfg = Debug|Any CPU
		{D635272C-6E71-4F9C-B6F5-5EBB2033AA7E}.Debug|Any CPU.Build.0 = Debug|Any CPU
		{D635272C-6E71-4F9C-B6F5-5EBB2033AA7E}.Release|Any CPU.ActiveCfg = Release|Any CPU
		{D635272C-6E71-4F9C-B6F5-5EBB2033AA7E}.Release|Any CPU.Build.0 = Release|Any CPU
	EndGlobalSection
	GlobalSection(SolutionProperties) = preSolution
		HideSolutionNode = FALSE
	EndGlobalSection
	GlobalSection(ExtensibilityGlobals) = postSolution
		SolutionGuid = {D7D2CE19-D18F-4F68-8509-E5656A60280B}
	EndGlobalSection
EndGlobal
